// !$*UTF8*$!
{
	archiveVersion = 1;
	classes = {
	};
	objectVersion = 56;
	objects = {

/* Begin PBXBuildFile section */
		FAEBF3672A9BEC830009C62A /* Clock2ClockApp.swift in Sources */ = {isa = PBXBuildFile; fileRef = FAEBF3662A9BEC830009C62A /* Clock2ClockApp.swift */; };
		FAEBF3692A9BEC830009C62A /* ContentView.swift in Sources */ = {isa = PBXBuildFile; fileRef = FAEBF3682A9BEC830009C62A /* ContentView.swift */; };
		FAEBF36B2A9BEC850009C62A /* Assets.xcassets in Resources */ = {isa = PBXBuildFile; fileRef = FAEBF36A2A9BEC850009C62A /* Assets.xcassets */; };
		FAEBF36E2A9BEC850009C62A /* Preview Assets.xcassets in Resources */ = {isa = PBXBuildFile; fileRef = FAEBF36D2A9BEC850009C62A /* Preview Assets.xcassets */; };
		FAEBF37E2A9BEE4D0009C62A /* LoginView.swift in Sources */ = {isa = PBXBuildFile; fileRef = FAEBF37D2A9BEE4D0009C62A /* LoginView.swift */; };
		FAEBF3802A9BEFD10009C62A /* InputView.swift in Sources */ = {isa = PBXBuildFile; fileRef = FAEBF37F2A9BEFD10009C62A /* InputView.swift */; };
		FAEBF3822A9BF8010009C62A /* RegistrationView.swift in Sources */ = {isa = PBXBuildFile; fileRef = FAEBF3812A9BF8010009C62A /* RegistrationView.swift */; };
		FAEBF3842A9BFB410009C62A /* ProfileView.swift in Sources */ = {isa = PBXBuildFile; fileRef = FAEBF3832A9BFB410009C62A /* ProfileView.swift */; };
		FAEBF3862A9BFD400009C62A /* SettingsRowView.swift in Sources */ = {isa = PBXBuildFile; fileRef = FAEBF3852A9BFD400009C62A /* SettingsRowView.swift */; };
		FAEBF3882A9BFF710009C62A /* User.swift in Sources */ = {isa = PBXBuildFile; fileRef = FAEBF3872A9BFF710009C62A /* User.swift */; };
		FAEBF38A2A9C02710009C62A /* GoogleService-Info.plist in Resources */ = {isa = PBXBuildFile; fileRef = FAEBF3892A9C02710009C62A /* GoogleService-Info.plist */; };
		FAEBF38D2A9C03080009C62A /* FirebaseAuth in Frameworks */ = {isa = PBXBuildFile; productRef = FAEBF38C2A9C03080009C62A /* FirebaseAuth */; };
		FAEBF38F2A9C03080009C62A /* FirebaseDatabase in Frameworks */ = {isa = PBXBuildFile; productRef = FAEBF38E2A9C03080009C62A /* FirebaseDatabase */; };
		FAEBF3912A9C03080009C62A /* FirebaseFirestore in Frameworks */ = {isa = PBXBuildFile; productRef = FAEBF3902A9C03080009C62A /* FirebaseFirestore */; };
		FAEBF3932A9C03080009C62A /* FirebaseFirestoreSwift in Frameworks */ = {isa = PBXBuildFile; productRef = FAEBF3922A9C03080009C62A /* FirebaseFirestoreSwift */; };
		FAEBF3972A9C03730009C62A /* AuthViewModel.swift in Sources */ = {isa = PBXBuildFile; fileRef = FAEBF3962A9C03730009C62A /* AuthViewModel.swift */; };
/* End PBXBuildFile section */

/* Begin PBXFileReference section */
		FAEBF3632A9BEC830009C62A /* Clock2Clock.app */ = {isa = PBXFileReference; explicitFileType = wrapper.application; includeInIndex = 0; path = Clock2Clock.app; sourceTree = BUILT_PRODUCTS_DIR; };
		FAEBF3662A9BEC830009C62A /* Clock2ClockApp.swift */ = {isa = PBXFileReference; lastKnownFileType = sourcecode.swift; path = Clock2ClockApp.swift; sourceTree = "<group>"; };
		FAEBF3682A9BEC830009C62A /* ContentView.swift */ = {isa = PBXFileReference; lastKnownFileType = sourcecode.swift; path = ContentView.swift; sourceTree = "<group>"; };
		FAEBF36A2A9BEC850009C62A /* Assets.xcassets */ = {isa = PBXFileReference; lastKnownFileType = folder.assetcatalog; path = Assets.xcassets; sourceTree = "<group>"; };
		FAEBF36D2A9BEC850009C62A /* Preview Assets.xcassets */ = {isa = PBXFileReference; lastKnownFileType = folder.assetcatalog; path = "Preview Assets.xcassets"; sourceTree = "<group>"; };
		FAEBF37D2A9BEE4D0009C62A /* LoginView.swift */ = {isa = PBXFileReference; lastKnownFileType = sourcecode.swift; path = LoginView.swift; sourceTree = "<group>"; };
		FAEBF37F2A9BEFD10009C62A /* InputView.swift */ = {isa = PBXFileReference; lastKnownFileType = sourcecode.swift; path = InputView.swift; sourceTree = "<group>"; };
		FAEBF3812A9BF8010009C62A /* RegistrationView.swift */ = {isa = PBXFileReference; lastKnownFileType = sourcecode.swift; path = RegistrationView.swift; sourceTree = "<group>"; };
		FAEBF3832A9BFB410009C62A /* ProfileView.swift */ = {isa = PBXFileReference; lastKnownFileType = sourcecode.swift; path = ProfileView.swift; sourceTree = "<group>"; };
		FAEBF3852A9BFD400009C62A /* SettingsRowView.swift */ = {isa = PBXFileReference; lastKnownFileType = sourcecode.swift; path = SettingsRowView.swift; sourceTree = "<group>"; };
		FAEBF3872A9BFF710009C62A /* User.swift */ = {isa = PBXFileReference; lastKnownFileType = sourcecode.swift; path = User.swift; sourceTree = "<group>"; };
		FAEBF3892A9C02710009C62A /* GoogleService-Info.plist */ = {isa = PBXFileReference; lastKnownFileType = text.plist; path = "GoogleService-Info.plist"; sourceTree = SOURCE_ROOT; };
		FAEBF3962A9C03730009C62A /* AuthViewModel.swift */ = {isa = PBXFileReference; lastKnownFileType = sourcecode.swift; path = AuthViewModel.swift; sourceTree = "<group>"; };
/* End PBXFileReference section */

/* Begin PBXFrameworksBuildPhase section */
		FAEBF3602A9BEC830009C62A /* Frameworks */ = {
			isa = PBXFrameworksBuildPhase;
			buildActionMask = 2147483647;
			files = (
				FAEBF38F2A9C03080009C62A /* FirebaseDatabase in Frameworks */,
				FAEBF38D2A9C03080009C62A /* FirebaseAuth in Frameworks */,
				FAEBF3912A9C03080009C62A /* FirebaseFirestore in Frameworks */,
				FAEBF3932A9C03080009C62A /* FirebaseFirestoreSwift in Frameworks */,
			);
			runOnlyForDeploymentPostprocessing = 0;
		};
/* End PBXFrameworksBuildPhase section */

/* Begin PBXGroup section */
		FAEBF35A2A9BEC830009C62A = {
			isa = PBXGroup;
			children = (
				FAEBF3652A9BEC830009C62A /* Clock2Clock */,
				FAEBF3642A9BEC830009C62A /* Products */,
			);
			sourceTree = "<group>";
		};
		FAEBF3642A9BEC830009C62A /* Products */ = {
			isa = PBXGroup;
			children = (
				FAEBF3632A9BEC830009C62A /* Clock2Clock.app */,
			);
			name = Products;
			sourceTree = "<group>";
		};
		FAEBF3652A9BEC830009C62A /* Clock2Clock */ = {
			isa = PBXGroup;
			children = (
				FAEBF3792A9BED7C0009C62A /* App */,
				FAEBF3782A9BED7A0009C62A /* Components */,
				FAEBF3772A9BED760009C62A /* Core */,
				FAEBF3742A9BED570009C62A /* Model */,
				FAEBF36A2A9BEC850009C62A /* Assets.xcassets */,
				FAEBF3892A9C02710009C62A /* GoogleService-Info.plist */,
				FAEBF36C2A9BEC850009C62A /* Preview Content */,
			);
			path = Clock2Clock;
			sourceTree = "<group>";
		};
		FAEBF36C2A9BEC850009C62A /* Preview Content */ = {
			isa = PBXGroup;
			children = (
				FAEBF36D2A9BEC850009C62A /* Preview Assets.xcassets */,
			);
			path = "Preview Content";
			sourceTree = "<group>";
		};
		FAEBF3742A9BED570009C62A /* Model */ = {
			isa = PBXGroup;
			children = (
				FAEBF3872A9BFF710009C62A /* User.swift */,
			);
			path = Model;
			sourceTree = "<group>";
		};
		FAEBF3772A9BED760009C62A /* Core */ = {
			isa = PBXGroup;
			children = (
				FAEBF37B2A9BEE090009C62A /* Authentication */,
				FAEBF37C2A9BEE160009C62A /* Profile */,
				FAEBF37A2A9BEDF50009C62A /* Root */,
			);
			path = Core;
			sourceTree = "<group>";
		};
		FAEBF3782A9BED7A0009C62A /* Components */ = {
			isa = PBXGroup;
			children = (
				FAEBF37F2A9BEFD10009C62A /* InputView.swift */,
				FAEBF3852A9BFD400009C62A /* SettingsRowView.swift */,
			);
			path = Components;
			sourceTree = "<group>";
		};
		FAEBF3792A9BED7C0009C62A /* App */ = {
			isa = PBXGroup;
			children = (
				FAEBF3662A9BEC830009C62A /* Clock2ClockApp.swift */,
			);
			path = App;
			sourceTree = "<group>";
		};
		FAEBF37A2A9BEDF50009C62A /* Root */ = {
			isa = PBXGroup;
			children = (
				FAEBF3682A9BEC830009C62A /* ContentView.swift */,
			);
			path = Root;
			sourceTree = "<group>";
		};
		FAEBF37B2A9BEE090009C62A /* Authentication */ = {
			isa = PBXGroup;
			children = (
				FAEBF3942A9C03370009C62A /* View */,
				FAEBF3952A9C034B0009C62A /* ViewModel */,
			);
			path = Authentication;
			sourceTree = "<group>";
		};
		FAEBF37C2A9BEE160009C62A /* Profile */ = {
			isa = PBXGroup;
			children = (
				FAEBF3832A9BFB410009C62A /* ProfileView.swift */,
			);
			path = Profile;
			sourceTree = "<group>";
		};
		FAEBF3942A9C03370009C62A /* View */ = {
			isa = PBXGroup;
			children = (
				FAEBF37D2A9BEE4D0009C62A /* LoginView.swift */,
				FAEBF3812A9BF8010009C62A /* RegistrationView.swift */,
			);
			path = View;
			sourceTree = "<group>";
		};
		FAEBF3952A9C034B0009C62A /* ViewModel */ = {
			isa = PBXGroup;
			children = (
				FAEBF3962A9C03730009C62A /* AuthViewModel.swift */,
			);
			path = ViewModel;
			sourceTree = "<group>";
		};
/* End PBXGroup section */

/* Begin PBXNativeTarget section */
		FAEBF3622A9BEC830009C62A /* Clock2Clock */ = {
			isa = PBXNativeTarget;
			buildConfigurationList = FAEBF3712A9BEC850009C62A /* Build configuration list for PBXNativeTarget "Clock2Clock" */;
			buildPhases = (
				FAEBF35F2A9BEC830009C62A /* Sources */,
				FAEBF3602A9BEC830009C62A /* Frameworks */,
				FAEBF3612A9BEC830009C62A /* Resources */,
			);
			buildRules = (
			);
			dependencies = (
			);
			name = Clock2Clock;
			packageProductDependencies = (
				FAEBF38C2A9C03080009C62A /* FirebaseAuth */,
				FAEBF38E2A9C03080009C62A /* FirebaseDatabase */,
				FAEBF3902A9C03080009C62A /* FirebaseFirestore */,
				FAEBF3922A9C03080009C62A /* FirebaseFirestoreSwift */,
			);
			productName = Clock2Clock;
			productReference = FAEBF3632A9BEC830009C62A /* Clock2Clock.app */;
			productType = "com.apple.product-type.application";
		};
/* End PBXNativeTarget section */

/* Begin PBXProject section */
		FAEBF35B2A9BEC830009C62A /* Project object */ = {
			isa = PBXProject;
			attributes = {
				BuildIndependentTargetsInParallel = 1;
				LastSwiftUpdateCheck = 1430;
				LastUpgradeCheck = 1430;
				TargetAttributes = {
					FAEBF3622A9BEC830009C62A = {
						CreatedOnToolsVersion = 14.3.1;
					};
				};
			};
			buildConfigurationList = FAEBF35E2A9BEC830009C62A /* Build configuration list for PBXProject "Clock2Clock" */;
			compatibilityVersion = "Xcode 14.0";
			developmentRegion = en;
			hasScannedForEncodings = 0;
			knownRegions = (
				en,
				Base,
			);
			mainGroup = FAEBF35A2A9BEC830009C62A;
			packageReferences = (
				FAEBF38B2A9C03080009C62A /* XCRemoteSwiftPackageReference "firebase-ios-sdk" */,
			);
			productRefGroup = FAEBF3642A9BEC830009C62A /* Products */;
			projectDirPath = "";
			projectRoot = "";
			targets = (
				FAEBF3622A9BEC830009C62A /* Clock2Clock */,
			);
		};
/* End PBXProject section */

/* Begin PBXResourcesBuildPhase section */
		FAEBF3612A9BEC830009C62A /* Resources */ = {
			isa = PBXResourcesBuildPhase;
			buildActionMask = 2147483647;
			files = (
				FAEBF36E2A9BEC850009C62A /* Preview Assets.xcassets in Resources */,
				FAEBF36B2A9BEC850009C62A /* Assets.xcassets in Resources */,
				FAEBF38A2A9C02710009C62A /* GoogleService-Info.plist in Resources */,
			);
			runOnlyForDeploymentPostprocessing = 0;
		};
/* End PBXResourcesBuildPhase section */

/* Begin PBXSourcesBuildPhase section */
		FAEBF35F2A9BEC830009C62A /* Sources */ = {
			isa = PBXSourcesBuildPhase;
			buildActionMask = 2147483647;
			files = (
				FAEBF37E2A9BEE4D0009C62A /* LoginView.swift in Sources */,
				FAEBF3802A9BEFD10009C62A /* InputView.swift in Sources */,
				FAEBF3692A9BEC830009C62A /* ContentView.swift in Sources */,
				FAEBF3672A9BEC830009C62A /* Clock2ClockApp.swift in Sources */,
				FAEBF3882A9BFF710009C62A /* User.swift in Sources */,
				FAEBF3842A9BFB410009C62A /* ProfileView.swift in Sources */,
				FAEBF3822A9BF8010009C62A /* RegistrationView.swift in Sources */,
				FAEBF3862A9BFD400009C62A /* SettingsRowView.swift in Sources */,
				FAEBF3972A9C03730009C62A /* AuthViewModel.swift in Sources */,
			);
			runOnlyForDeploymentPostprocessing = 0;
		};
/* End PBXSourcesBuildPhase section */

/* Begin XCBuildConfiguration section */
		FAEBF36F2A9BEC850009C62A /* Debug */ = {
			isa = XCBuildConfiguration;
			buildSettings = {
				ALWAYS_SEARCH_USER_PATHS = NO;
				CLANG_ANALYZER_NONNULL = YES;
				CLANG_ANALYZER_NUMBER_OBJECT_CONVERSION = YES_AGGRESSIVE;
				CLANG_CXX_LANGUAGE_STANDARD = "gnu++20";
				CLANG_ENABLE_MODULES = YES;
				CLANG_ENABLE_OBJC_ARC = YES;
				CLANG_ENABLE_OBJC_WEAK = YES;
				CLANG_WARN_BLOCK_CAPTURE_AUTORELEASING = YES;
				CLANG_WARN_BOOL_CONVERSION = YES;
				CLANG_WARN_COMMA = YES;
				CLANG_WARN_CONSTANT_CONVERSION = YES;
				CLANG_WARN_DEPRECATED_OBJC_IMPLEMENTATIONS = YES;
				CLANG_WARN_DIRECT_OBJC_ISA_USAGE = YES_ERROR;
				CLANG_WARN_DOCUMENTATION_COMMENTS = YES;
				CLANG_WARN_EMPTY_BODY = YES;
				CLANG_WARN_ENUM_CONVERSION = YES;
				CLANG_WARN_INFINITE_RECURSION = YES;
				CLANG_WARN_INT_CONVERSION = YES;
				CLANG_WARN_NON_LITERAL_NULL_CONVERSION = YES;
				CLANG_WARN_OBJC_IMPLICIT_RETAIN_SELF = YES;
				CLANG_WARN_OBJC_LITERAL_CONVERSION = YES;
				CLANG_WARN_OBJC_ROOT_CLASS = YES_ERROR;
				CLANG_WARN_QUOTED_INCLUDE_IN_FRAMEWORK_HEADER = YES;
				CLANG_WARN_RANGE_LOOP_ANALYSIS = YES;
				CLANG_WARN_STRICT_PROTOTYPES = YES;
				CLANG_WARN_SUSPICIOUS_MOVE = YES;
				CLANG_WARN_UNGUARDED_AVAILABILITY = YES_AGGRESSIVE;
				CLANG_WARN_UNREACHABLE_CODE = YES;
				CLANG_WARN__DUPLICATE_METHOD_MATCH = YES;
				COPY_PHASE_STRIP = NO;
				DEBUG_INFORMATION_FORMAT = dwarf;
				ENABLE_STRICT_OBJC_MSGSEND = YES;
				ENABLE_TESTABILITY = YES;
				GCC_C_LANGUAGE_STANDARD = gnu11;
				GCC_DYNAMIC_NO_PIC = NO;
				GCC_NO_COMMON_BLOCKS = YES;
				GCC_OPTIMIZATION_LEVEL = 0;
				GCC_PREPROCESSOR_DEFINITIONS = (
					"DEBUG=1",
					"$(inherited)",
				);
				GCC_WARN_64_TO_32_BIT_CONVERSION = YES;
				GCC_WARN_ABOUT_RETURN_TYPE = YES_ERROR;
				GCC_WARN_UNDECLARED_SELECTOR = YES;
				GCC_WARN_UNINITIALIZED_AUTOS = YES_AGGRESSIVE;
				GCC_WARN_UNUSED_FUNCTION = YES;
				GCC_WARN_UNUSED_VARIABLE = YES;
				IPHONEOS_DEPLOYMENT_TARGET = 16.4;
				MTL_ENABLE_DEBUG_INFO = INCLUDE_SOURCE;
				MTL_FAST_MATH = YES;
				ONLY_ACTIVE_ARCH = YES;
				SDKROOT = iphoneos;
				SWIFT_ACTIVE_COMPILATION_CONDITIONS = DEBUG;
				SWIFT_OPTIMIZATION_LEVEL = "-Onone";
			};
			name = Debug;
		};
		FAEBF3702A9BEC850009C62A /* Release */ = {
			isa = XCBuildConfiguration;
			buildSettings = {
				ALWAYS_SEARCH_USER_PATHS = NO;
				CLANG_ANALYZER_NONNULL = YES;
				CLANG_ANALYZER_NUMBER_OBJECT_CONVERSION = YES_AGGRESSIVE;
				CLANG_CXX_LANGUAGE_STANDARD = "gnu++20";
				CLANG_ENABLE_MODULES = YES;
				CLANG_ENABLE_OBJC_ARC = YES;
				CLANG_ENABLE_OBJC_WEAK = YES;
				CLANG_WARN_BLOCK_CAPTURE_AUTORELEASING = YES;
				CLANG_WARN_BOOL_CONVERSION = YES;
				CLANG_WARN_COMMA = YES;
				CLANG_WARN_CONSTANT_CONVERSION = YES;
				CLANG_WARN_DEPRECATED_OBJC_IMPLEMENTATIONS = YES;
				CLANG_WARN_DIRECT_OBJC_ISA_USAGE = YES_ERROR;
				CLANG_WARN_DOCUMENTATION_COMMENTS = YES;
				CLANG_WARN_EMPTY_BODY = YES;
				CLANG_WARN_ENUM_CONVERSION = YES;
				CLANG_WARN_INFINITE_RECURSION = YES;
				CLANG_WARN_INT_CONVERSION = YES;
				CLANG_WARN_NON_LITERAL_NULL_CONVERSION = YES;
				CLANG_WARN_OBJC_IMPLICIT_RETAIN_SELF = YES;
				CLANG_WARN_OBJC_LITERAL_CONVERSION = YES;
				CLANG_WARN_OBJC_ROOT_CLASS = YES_ERROR;
				CLANG_WARN_QUOTED_INCLUDE_IN_FRAMEWORK_HEADER = YES;
				CLANG_WARN_RANGE_LOOP_ANALYSIS = YES;
				CLANG_WARN_STRICT_PROTOTYPES = YES;
				CLANG_WARN_SUSPICIOUS_MOVE = YES;
				CLANG_WARN_UNGUARDED_AVAILABILITY = YES_AGGRESSIVE;
				CLANG_WARN_UNREACHABLE_CODE = YES;
				CLANG_WARN__DUPLICATE_METHOD_MATCH = YES;
				COPY_PHASE_STRIP = NO;
				DEBUG_INFORMATION_FORMAT = "dwarf-with-dsym";
				ENABLE_NS_ASSERTIONS = NO;
				ENABLE_STRICT_OBJC_MSGSEND = YES;
				GCC_C_LANGUAGE_STANDARD = gnu11;
				GCC_NO_COMMON_BLOCKS = YES;
				GCC_WARN_64_TO_32_BIT_CONVERSION = YES;
				GCC_WARN_ABOUT_RETURN_TYPE = YES_ERROR;
				GCC_WARN_UNDECLARED_SELECTOR = YES;
				GCC_WARN_UNINITIALIZED_AUTOS = YES_AGGRESSIVE;
				GCC_WARN_UNUSED_FUNCTION = YES;
				GCC_WARN_UNUSED_VARIABLE = YES;
				IPHONEOS_DEPLOYMENT_TARGET = 16.4;
				MTL_ENABLE_DEBUG_INFO = NO;
				MTL_FAST_MATH = YES;
				SDKROOT = iphoneos;
				SWIFT_COMPILATION_MODE = wholemodule;
				SWIFT_OPTIMIZATION_LEVEL = "-O";
				VALIDATE_PRODUCT = YES;
			};
			name = Release;
		};
		FAEBF3722A9BEC850009C62A /* Debug */ = {
			isa = XCBuildConfiguration;
			buildSettings = {
				ASSETCATALOG_COMPILER_APPICON_NAME = AppIcon;
				ASSETCATALOG_COMPILER_GLOBAL_ACCENT_COLOR_NAME = AccentColor;
				ASSETCATALOG_COMPILER_INCLUDE_ALL_APPICON_ASSETS = NO;
				CODE_SIGN_STYLE = Automatic;
				CURRENT_PROJECT_VERSION = 1;
				DEVELOPMENT_ASSET_PATHS = "\"Clock2Clock/Preview Content\"";
				DEVELOPMENT_TEAM = HC54499KAU;
				ENABLE_PREVIEWS = YES;
				GENERATE_INFOPLIST_FILE = YES;
				INFOPLIST_KEY_LSApplicationCategoryType = "public.app-category.utilities";
				INFOPLIST_KEY_UIApplicationSceneManifest_Generation = YES;
				INFOPLIST_KEY_UIApplicationSupportsIndirectInputEvents = YES;
				INFOPLIST_KEY_UILaunchScreen_Generation = YES;
				INFOPLIST_KEY_UIStatusBarStyle = "";
				INFOPLIST_KEY_UISupportedInterfaceOrientations = "UIInterfaceOrientationLandscapeLeft UIInterfaceOrientationLandscapeRight UIInterfaceOrientationPortrait";
				IPHONEOS_DEPLOYMENT_TARGET = 16.0;
				LD_RUNPATH_SEARCH_PATHS = (
					"$(inherited)",
					"@executable_path/Frameworks",
				);
				MARKETING_VERSION = 1.0;
				PRODUCT_BUNDLE_IDENTIFIER = setisbeW.Clock2Clock;
				PRODUCT_NAME = "$(TARGET_NAME)";
				SWIFT_EMIT_LOC_STRINGS = YES;
				SWIFT_VERSION = 5.0;
				TARGETED_DEVICE_FAMILY = "1,2";
			};
			name = Debug;
		};
		FAEBF3732A9BEC850009C62A /* Release */ = {
			isa = XCBuildConfiguration;
			buildSettings = {
				ASSETCATALOG_COMPILER_APPICON_NAME = AppIcon;
				ASSETCATALOG_COMPILER_GLOBAL_ACCENT_COLOR_NAME = AccentColor;
				ASSETCATALOG_COMPILER_INCLUDE_ALL_APPICON_ASSETS = NO;
				CODE_SIGN_STYLE = Automatic;
				CURRENT_PROJECT_VERSION = 1;
				DEVELOPMENT_ASSET_PATHS = "\"Clock2Clock/Preview Content\"";
				DEVELOPMENT_TEAM = HC54499KAU;
				ENABLE_PREVIEWS = YES;
				GENERATE_INFOPLIST_FILE = YES;
				INFOPLIST_KEY_LSApplicationCategoryType = "public.app-category.utilities";
				INFOPLIST_KEY_UIApplicationSceneManifest_Generation = YES;
				INFOPLIST_KEY_UIApplicationSupportsIndirectInputEvents = YES;
				INFOPLIST_KEY_UILaunchScreen_Generation = YES;
				INFOPLIST_KEY_UIStatusBarStyle = "";
				INFOPLIST_KEY_UISupportedInterfaceOrientations = "UIInterfaceOrientationLandscapeLeft UIInterfaceOrientationLandscapeRight UIInterfaceOrientationPortrait";
				IPHONEOS_DEPLOYMENT_TARGET = 16.0;
				LD_RUNPATH_SEARCH_PATHS = (
					"$(inherited)",
					"@executable_path/Frameworks",
				);
				MARKETING_VERSION = 1.0;
				PRODUCT_BUNDLE_IDENTIFIER = setisbeW.Clock2Clock;
				PRODUCT_NAME = "$(TARGET_NAME)";
				SWIFT_EMIT_LOC_STRINGS = YES;
				SWIFT_VERSION = 5.0;
				TARGETED_DEVICE_FAMILY = "1,2";
			};
			name = Release;
		};
/* End XCBuildConfiguration section */

/* Begin XCConfigurationList section */
		FAEBF35E2A9BEC830009C62A /* Build configuration list for PBXProject "Clock2Clock" */ = {
			isa = XCConfigurationList;
			buildConfigurations = (
				FAEBF36F2A9BEC850009C62A /* Debug */,
				FAEBF3702A9BEC850009C62A /* Release */,
			);
			defaultConfigurationIsVisible = 0;
			defaultConfigurationName = Release;
		};
		FAEBF3712A9BEC850009C62A /* Build configuration list for PBXNativeTarget "Clock2Clock" */ = {
			isa = XCConfigurationList;
			buildConfigurations = (
				FAEBF3722A9BEC850009C62A /* Debug */,
				FAEBF3732A9BEC850009C62A /* Release */,
			);
			defaultConfigurationIsVisible = 0;
			defaultConfigurationName = Release;
		};
/* End XCConfigurationList section */

/* Begin XCRemoteSwiftPackageReference section */
		FAEBF38B2A9C03080009C62A /* XCRemoteSwiftPackageReference "firebase-ios-sdk" */ = {
			isa = XCRemoteSwiftPackageReference;
			repositoryURL = "https://github.com/firebase/firebase-ios-sdk.git";
			requirement = {
				kind = upToNextMajorVersion;
				minimumVersion = 10.0.0;
			};
		};
/* End XCRemoteSwiftPackageReference section */

/* Begin XCSwiftPackageProductDependency section */
		FAEBF38C2A9C03080009C62A /* FirebaseAuth */ = {
			isa = XCSwiftPackageProductDependency;
			package = FAEBF38B2A9C03080009C62A /* XCRemoteSwiftPackageReference "firebase-ios-sdk" */;
			productName = FirebaseAuth;
		};
		FAEBF38E2A9C03080009C62A /* FirebaseDatabase */ = {
			isa = XCSwiftPackageProductDependency;
			package = FAEBF38B2A9C03080009C62A /* XCRemoteSwiftPackageReference "firebase-ios-sdk" */;
			productName = FirebaseDatabase;
		};
		FAEBF3902A9C03080009C62A /* FirebaseFirestore */ = {
			isa = XCSwiftPackageProductDependency;
			package = FAEBF38B2A9C03080009C62A /* XCRemoteSwiftPackageReference "firebase-ios-sdk" */;
			productName = FirebaseFirestore;
		};
		FAEBF3922A9C03080009C62A /* FirebaseFirestoreSwift */ = {
			isa = XCSwiftPackageProductDependency;
			package = FAEBF38B2A9C03080009C62A /* XCRemoteSwiftPackageReference "firebase-ios-sdk" */;
			productName = FirebaseFirestoreSwift;
		};
/* End XCSwiftPackageProductDependency section */
	};
	rootObject = FAEBF35B2A9BEC830009C62A /* Project object */;
}
